{
  "version": "5",
  "specifiers": {
    "jsr:@mommysgoodpuppy/logchannel@0.1": "0.1.0",
    "jsr:@std/assert@^1.0.13": "1.0.13",
    "jsr:@std/internal@^1.0.6": "1.0.6"
  },
  "jsr": {
    "@mommysgoodpuppy/logchannel@0.1.0": {
      "integrity": "4001c4ece26bb332d511c6a3e3b0383d4f39d476d375b0dda32a6e42a9259c67"
    },
    "@std/assert@1.0.13": {
      "integrity": "ae0d31e41919b12c656c742b22522c32fb26ed0cba32975cb0de2a273cb68b29",
      "dependencies": [
        "jsr:@std/internal"
      ]
    },
    "@std/internal@1.0.6": {
      "integrity": "9533b128f230f73bd209408bb07a4b12f8d4255ab2a4d22a1fd6d87304aca9a4"
    }
  },
  "workspace": {
    "dependencies": [
      "jsr:@mommysgoodpuppy/logchannel@0.1",
      "jsr:@std/assert@^1.0.13"
    ]
  }
}
